
Microsoft Visual Studio Solution File, Format Version 12.00
# Visual Studio Version 16
VisualStudioVersion = 16.0.31424.327
MinimumVisualStudioVersion = 10.0.40219.1
Project("{FAE04EC0-301F-11D3-BF4B-00C04F79EFBC}") = "Factorial", "Factorial\Factorial.csproj", "{44B5E6DE-B353-4513-84EE-E9795FC95232}"
EndProject
Project("{FAE04EC0-301F-11D3-BF4B-00C04F79EFBC}") = "DZ", "DZ\DZ.csproj", "{B20BE684-5C87-4AA1-83CB-1E07696EB947}"
EndProject
Global
	GlobalSection(SolutionConfigurationPlatforms) = preSolution
		Debug|Any CPU = Debug|Any CPU
		Release|Any CPU = Release|Any CPU
	EndGlobalSection
	GlobalSection(ProjectConfigurationPlatforms) = postSolution
		{44B5E6DE-B353-4513-84EE-E9795FC95232}.Debug|Any CPU.ActiveCfg = Debug|Any CPU
		{44B5E6DE-B353-4513-84EE-E9795FC95232}.Debug|Any CPU.Build.0 = Debug|Any CPU
		{44B5E6DE-B353-4513-84EE-E9795FC95232}.Release|Any CPU.ActiveCfg = Release|Any CPU
		{44B5E6DE-B353-4513-84EE-E9795FC95232}.Release|Any CPU.Build.0 = Release|Any CPU
		{B20BE684-5C87-4AA1-83CB-1E07696EB947}.Debug|Any CPU.ActiveCfg = Debug|Any CPU
		{B20BE684-5C87-4AA1-83CB-1E07696EB947}.Debug|Any CPU.Build.0 = Debug|Any CPU
		{B20BE684-5C87-4AA1-83CB-1E07696EB947}.Release|Any CPU.ActiveCfg = Release|Any CPU
		{B20BE684-5C87-4AA1-83CB-1E07696EB947}.Release|Any CPU.Build.0 = Release|Any CPU
	EndGlobalSection
	GlobalSection(SolutionProperties) = preSolution
		HideSolutionNode = FALSE
	EndGlobalSection
	GlobalSection(ExtensibilityGlobals) = postSolution
		SolutionGuid = {DA7C6795-AAB8-4848-B839-609F7E945B46}
	EndGlobalSection
EndGlobal
